// !$*UTF8*$!
{
	archiveVersion = 1;
	classes = {
	};
	objectVersion = 56;
	objects = {

/* Begin PBXBuildFile section */
		B705488429C0767D004AAE6A /* AppMobileApp.swift in Sources */ = {isa = PBXBuildFile; fileRef = B705488329C0767D004AAE6A /* AppMobileApp.swift */; };
		B705488629C0767D004AAE6A /* ContentView.swift in Sources */ = {isa = PBXBuildFile; fileRef = B705488529C0767D004AAE6A /* ContentView.swift */; };
		B705488829C0767F004AAE6A /* Assets.xcassets in Resources */ = {isa = PBXBuildFile; fileRef = B705488729C0767F004AAE6A /* Assets.xcassets */; };
		B705488B29C0767F004AAE6A /* Preview Assets.xcassets in Resources */ = {isa = PBXBuildFile; fileRef = B705488A29C0767F004AAE6A /* Preview Assets.xcassets */; };
		B705489529C0767F004AAE6A /* AppMobileTests.swift in Sources */ = {isa = PBXBuildFile; fileRef = B705489429C0767F004AAE6A /* AppMobileTests.swift */; };
		B705489F29C0767F004AAE6A /* AppMobileUITests.swift in Sources */ = {isa = PBXBuildFile; fileRef = B705489E29C0767F004AAE6A /* AppMobileUITests.swift */; };
		B70548A129C0767F004AAE6A /* AppMobileUITestsLaunchTests.swift in Sources */ = {isa = PBXBuildFile; fileRef = B70548A029C0767F004AAE6A /* AppMobileUITestsLaunchTests.swift */; };
		B779E72729CC630700231653 /* ZoneModel.swift in Sources */ = {isa = PBXBuildFile; fileRef = B779E72629CC630700231653 /* ZoneModel.swift */; };
		B779E72929CC746600231653 /* JSONHelper.swift in Sources */ = {isa = PBXBuildFile; fileRef = B779E72829CC746600231653 /* JSONHelper.swift */; };
		B7F5C4BD29CD9D14005BE764 /* BenevoleState.swift in Sources */ = {isa = PBXBuildFile; fileRef = B7F5C4BC29CD9D14005BE764 /* BenevoleState.swift */; };
		B7F5C4BF29CD9D52005BE764 /* CreneauState.swift in Sources */ = {isa = PBXBuildFile; fileRef = B7F5C4BE29CD9D52005BE764 /* CreneauState.swift */; };
		B7F5C4C129CD9D62005BE764 /* JourState.swift in Sources */ = {isa = PBXBuildFile; fileRef = B7F5C4C029CD9D62005BE764 /* JourState.swift */; };
		B7F5C4C329CD9D71005BE764 /* ZoneState.swift in Sources */ = {isa = PBXBuildFile; fileRef = B7F5C4C229CD9D71005BE764 /* ZoneState.swift */; };
		B7F5C4C529CD9D88005BE764 /* FestivalState.swift in Sources */ = {isa = PBXBuildFile; fileRef = B7F5C4C429CD9D88005BE764 /* FestivalState.swift */; };
		B7FD6E1A29CB0CB300AAAA0C /* FestivalModel.swift in Sources */ = {isa = PBXBuildFile; fileRef = B7FD6E1929CB0CB300AAAA0C /* FestivalModel.swift */; };
		B7FD6E1C29CB0CDB00AAAA0C /* BenevoleModel.swift in Sources */ = {isa = PBXBuildFile; fileRef = B7FD6E1B29CB0CDB00AAAA0C /* BenevoleModel.swift */; };
		B7FD6E1E29CB0CE300AAAA0C /* CreneauModel.swift in Sources */ = {isa = PBXBuildFile; fileRef = B7FD6E1D29CB0CE300AAAA0C /* CreneauModel.swift */; };
		B7FD6E2029CB0CE600AAAA0C /* DisponibleModel.swift in Sources */ = {isa = PBXBuildFile; fileRef = B7FD6E1F29CB0CE600AAAA0C /* DisponibleModel.swift */; };
		B7FD6E2B29CB0CEE00AAAA0C /* ListZone.swift in Sources */ = {isa = PBXBuildFile; fileRef = B7FD6E2829CB0CED00AAAA0C /* ListZone.swift */; };
		B7FD6E2C29CB0CEE00AAAA0C /* ZoneCreneauModel.swift in Sources */ = {isa = PBXBuildFile; fileRef = B7FD6E2929CB0CED00AAAA0C /* ZoneCreneauModel.swift */; };
		B7FD6E2D29CB0CEE00AAAA0C /* ListJourModel.swift in Sources */ = {isa = PBXBuildFile; fileRef = B7FD6E2429CB0CED00AAAA0C /* ListJourModel.swift */; };
		B7FD6E2E29CB0CEE00AAAA0C /* JourModel.swift in Sources */ = {isa = PBXBuildFile; fileRef = B7FD6E2729CB0CED00AAAA0C /* JourModel.swift */; };
		B7FD6E2F29CB0CEE00AAAA0C /* ListCreneauModel.swift in Sources */ = {isa = PBXBuildFile; fileRef = B7FD6E2A29CB0CED00AAAA0C /* ListCreneauModel.swift */; };
		B7FD6E3029CB0CEE00AAAA0C /* ListFestivalModel.swift in Sources */ = {isa = PBXBuildFile; fileRef = B7FD6E2229CB0CED00AAAA0C /* ListFestivalModel.swift */; };
		B7FD6E3229CB0CEE00AAAA0C /* ListBenevoleModel.swift in Sources */ = {isa = PBXBuildFile; fileRef = B7FD6E2329CB0CED00AAAA0C /* ListBenevoleModel.swift */; };
		B7FD6E3329CB0CEE00AAAA0C /* ZoneFestivalModel.swift in Sources */ = {isa = PBXBuildFile; fileRef = B7FD6E2129CB0CEC00AAAA0C /* ZoneFestivalModel.swift */; };
		B7FD6E3429CB0CEE00AAAA0C /* TravailModel.swift in Sources */ = {isa = PBXBuildFile; fileRef = B7FD6E2629CB0CED00AAAA0C /* TravailModel.swift */; };
		B7FD6E3F29CB0D1F00AAAA0C /* ZoneIntent.swift in Sources */ = {isa = PBXBuildFile; fileRef = B7FD6E3629CB0D1E00AAAA0C /* ZoneIntent.swift */; };
		B7FD6E4029CB0D1F00AAAA0C /* FestivalIntent.swift in Sources */ = {isa = PBXBuildFile; fileRef = B7FD6E3729CB0D1E00AAAA0C /* FestivalIntent.swift */; };
		B7FD6E4129CB0D1F00AAAA0C /* TravailIntent.swift in Sources */ = {isa = PBXBuildFile; fileRef = B7FD6E3829CB0D1E00AAAA0C /* TravailIntent.swift */; };
		B7FD6E4229CB0D1F00AAAA0C /* BenevoleIntent.swift in Sources */ = {isa = PBXBuildFile; fileRef = B7FD6E3929CB0D1E00AAAA0C /* BenevoleIntent.swift */; };
		B7FD6E4329CB0D1F00AAAA0C /* DisponibleIntent.swift in Sources */ = {isa = PBXBuildFile; fileRef = B7FD6E3A29CB0D1E00AAAA0C /* DisponibleIntent.swift */; };
		B7FD6E4429CB0D1F00AAAA0C /* JourIntent.swift in Sources */ = {isa = PBXBuildFile; fileRef = B7FD6E3B29CB0D1E00AAAA0C /* JourIntent.swift */; };
		B7FD6E4529CB0D1F00AAAA0C /* ZoneCreneauIntent.swift in Sources */ = {isa = PBXBuildFile; fileRef = B7FD6E3C29CB0D1E00AAAA0C /* ZoneCreneauIntent.swift */; };
		B7FD6E4629CB0D1F00AAAA0C /* CreneauIntent.swift in Sources */ = {isa = PBXBuildFile; fileRef = B7FD6E3D29CB0D1E00AAAA0C /* CreneauIntent.swift */; };
		B7FD6E4729CB0D1F00AAAA0C /* ZoneFestivalIntent.swift in Sources */ = {isa = PBXBuildFile; fileRef = B7FD6E3E29CB0D1F00AAAA0C /* ZoneFestivalIntent.swift */; };
		B7FD6E5429CB0D5600AAAA0C /* FestivalView.swift in Sources */ = {isa = PBXBuildFile; fileRef = B7FD6E4929CB0D5500AAAA0C /* FestivalView.swift */; };
		B7FD6E5529CB0D5600AAAA0C /* ListeJoursView.swift in Sources */ = {isa = PBXBuildFile; fileRef = B7FD6E4A29CB0D5600AAAA0C /* ListeJoursView.swift */; };
		B7FD6E5629CB0D5600AAAA0C /* BenevoleView.swift in Sources */ = {isa = PBXBuildFile; fileRef = B7FD6E4B29CB0D5600AAAA0C /* BenevoleView.swift */; };
		B7FD6E5729CB0D5600AAAA0C /* ArchitectureView.swift in Sources */ = {isa = PBXBuildFile; fileRef = B7FD6E4C29CB0D5600AAAA0C /* ArchitectureView.swift */; };
		B7FD6E5829CB0D5600AAAA0C /* ListeBenevolesView.swift in Sources */ = {isa = PBXBuildFile; fileRef = B7FD6E4D29CB0D5600AAAA0C /* ListeBenevolesView.swift */; };
		B7FD6E5929CB0D5600AAAA0C /* ListeCreneauxView.swift in Sources */ = {isa = PBXBuildFile; fileRef = B7FD6E4E29CB0D5600AAAA0C /* ListeCreneauxView.swift */; };
		B7FD6E5A29CB0D5600AAAA0C /* FestivalsView.swift in Sources */ = {isa = PBXBuildFile; fileRef = B7FD6E4F29CB0D5600AAAA0C /* FestivalsView.swift */; };
		B7FD6E5B29CB0D5600AAAA0C /* JourView.swift in Sources */ = {isa = PBXBuildFile; fileRef = B7FD6E5029CB0D5600AAAA0C /* JourView.swift */; };
		B7FD6E5C29CB0D5600AAAA0C /* ListeZonesView.swift in Sources */ = {isa = PBXBuildFile; fileRef = B7FD6E5129CB0D5600AAAA0C /* ListeZonesView.swift */; };
		B7FD6E5D29CB0D5600AAAA0C /* ZoneView.swift in Sources */ = {isa = PBXBuildFile; fileRef = B7FD6E5229CB0D5600AAAA0C /* ZoneView.swift */; };
		B7FD6E5E29CB0D5600AAAA0C /* CreneauxView.swift in Sources */ = {isa = PBXBuildFile; fileRef = B7FD6E5329CB0D5600AAAA0C /* CreneauxView.swift */; };
		B7FD6E6E29CB0D7F00AAAA0C /* ListZoneViewModel.swift in Sources */ = {isa = PBXBuildFile; fileRef = B7FD6E6029CB0D7D00AAAA0C /* ListZoneViewModel.swift */; };
		B7FD6E6F29CB0D7F00AAAA0C /* FestivalViewModel.swift in Sources */ = {isa = PBXBuildFile; fileRef = B7FD6E6129CB0D7E00AAAA0C /* FestivalViewModel.swift */; };
		B7FD6E7029CB0D7F00AAAA0C /* TravailViewModel.swift in Sources */ = {isa = PBXBuildFile; fileRef = B7FD6E6229CB0D7E00AAAA0C /* TravailViewModel.swift */; };
		B7FD6E7129CB0D7F00AAAA0C /* ZoneFestivalViewModel.swift in Sources */ = {isa = PBXBuildFile; fileRef = B7FD6E6329CB0D7E00AAAA0C /* ZoneFestivalViewModel.swift */; };
		B7FD6E7229CB0D7F00AAAA0C /* BenevoleViewModel.swift in Sources */ = {isa = PBXBuildFile; fileRef = B7FD6E6429CB0D7E00AAAA0C /* BenevoleViewModel.swift */; };
		B7FD6E7329CB0D7F00AAAA0C /* DisponibleViewModel.swift in Sources */ = {isa = PBXBuildFile; fileRef = B7FD6E6529CB0D7E00AAAA0C /* DisponibleViewModel.swift */; };
		B7FD6E7429CB0D7F00AAAA0C /* ListJourViewModel.swift in Sources */ = {isa = PBXBuildFile; fileRef = B7FD6E6629CB0D7E00AAAA0C /* ListJourViewModel.swift */; };
		B7FD6E7529CB0D7F00AAAA0C /* ListCreneauViewModel.swift in Sources */ = {isa = PBXBuildFile; fileRef = B7FD6E6729CB0D7E00AAAA0C /* ListCreneauViewModel.swift */; };
		B7FD6E7629CB0D7F00AAAA0C /* JourViewModel.swift in Sources */ = {isa = PBXBuildFile; fileRef = B7FD6E6829CB0D7E00AAAA0C /* JourViewModel.swift */; };
		B7FD6E7729CB0D7F00AAAA0C /* ListFestivalViewModel.swift in Sources */ = {isa = PBXBuildFile; fileRef = B7FD6E6929CB0D7E00AAAA0C /* ListFestivalViewModel.swift */; };
		B7FD6E7829CB0D7F00AAAA0C /* ListBenevolesViewModel.swift in Sources */ = {isa = PBXBuildFile; fileRef = B7FD6E6A29CB0D7E00AAAA0C /* ListBenevolesViewModel.swift */; };
		B7FD6E7929CB0D7F00AAAA0C /* ZoneViewModel.swift in Sources */ = {isa = PBXBuildFile; fileRef = B7FD6E6B29CB0D7E00AAAA0C /* ZoneViewModel.swift */; };
		B7FD6E7A29CB0D7F00AAAA0C /* ZoneCreneauViewModel.swift in Sources */ = {isa = PBXBuildFile; fileRef = B7FD6E6C29CB0D7F00AAAA0C /* ZoneCreneauViewModel.swift */; };
		B7FD6E7B29CB0D7F00AAAA0C /* CreneauViewModel.swift in Sources */ = {isa = PBXBuildFile; fileRef = B7FD6E6D29CB0D7F00AAAA0C /* CreneauViewModel.swift */; };
/* End PBXBuildFile section */

/* Begin PBXContainerItemProxy section */
		B705489129C0767F004AAE6A /* PBXContainerItemProxy */ = {
			isa = PBXContainerItemProxy;
			containerPortal = B705487829C0767D004AAE6A /* Project object */;
			proxyType = 1;
			remoteGlobalIDString = B705487F29C0767D004AAE6A;
			remoteInfo = AppMobile;
		};
		B705489B29C0767F004AAE6A /* PBXContainerItemProxy */ = {
			isa = PBXContainerItemProxy;
			containerPortal = B705487829C0767D004AAE6A /* Project object */;
			proxyType = 1;
			remoteGlobalIDString = B705487F29C0767D004AAE6A;
			remoteInfo = AppMobile;
		};
/* End PBXContainerItemProxy section */

/* Begin PBXFileReference section */
		B705488029C0767D004AAE6A /* AppMobile.app */ = {isa = PBXFileReference; explicitFileType = wrapper.application; includeInIndex = 0; path = AppMobile.app; sourceTree = BUILT_PRODUCTS_DIR; };
		B705488329C0767D004AAE6A /* AppMobileApp.swift */ = {isa = PBXFileReference; lastKnownFileType = sourcecode.swift; path = AppMobileApp.swift; sourceTree = "<group>"; };
		B705488529C0767D004AAE6A /* ContentView.swift */ = {isa = PBXFileReference; lastKnownFileType = sourcecode.swift; path = ContentView.swift; sourceTree = "<group>"; };
		B705488729C0767F004AAE6A /* Assets.xcassets */ = {isa = PBXFileReference; lastKnownFileType = folder.assetcatalog; path = Assets.xcassets; sourceTree = "<group>"; };
		B705488A29C0767F004AAE6A /* Preview Assets.xcassets */ = {isa = PBXFileReference; lastKnownFileType = folder.assetcatalog; path = "Preview Assets.xcassets"; sourceTree = "<group>"; };
		B705489029C0767F004AAE6A /* AppMobileTests.xctest */ = {isa = PBXFileReference; explicitFileType = wrapper.cfbundle; includeInIndex = 0; path = AppMobileTests.xctest; sourceTree = BUILT_PRODUCTS_DIR; };
		B705489429C0767F004AAE6A /* AppMobileTests.swift */ = {isa = PBXFileReference; lastKnownFileType = sourcecode.swift; path = AppMobileTests.swift; sourceTree = "<group>"; };
		B705489A29C0767F004AAE6A /* AppMobileUITests.xctest */ = {isa = PBXFileReference; explicitFileType = wrapper.cfbundle; includeInIndex = 0; path = AppMobileUITests.xctest; sourceTree = BUILT_PRODUCTS_DIR; };
		B705489E29C0767F004AAE6A /* AppMobileUITests.swift */ = {isa = PBXFileReference; lastKnownFileType = sourcecode.swift; path = AppMobileUITests.swift; sourceTree = "<group>"; };
		B70548A029C0767F004AAE6A /* AppMobileUITestsLaunchTests.swift */ = {isa = PBXFileReference; lastKnownFileType = sourcecode.swift; path = AppMobileUITestsLaunchTests.swift; sourceTree = "<group>"; };
		B779E72629CC630700231653 /* ZoneModel.swift */ = {isa = PBXFileReference; fileEncoding = 4; lastKnownFileType = sourcecode.swift; path = ZoneModel.swift; sourceTree = "<group>"; };
		B779E72829CC746600231653 /* JSONHelper.swift */ = {isa = PBXFileReference; lastKnownFileType = sourcecode.swift; path = JSONHelper.swift; sourceTree = "<group>"; };
		B7F5C4BC29CD9D14005BE764 /* BenevoleState.swift */ = {isa = PBXFileReference; lastKnownFileType = sourcecode.swift; path = BenevoleState.swift; sourceTree = "<group>"; };
		B7F5C4BE29CD9D52005BE764 /* CreneauState.swift */ = {isa = PBXFileReference; lastKnownFileType = sourcecode.swift; path = CreneauState.swift; sourceTree = "<group>"; };
		B7F5C4C029CD9D62005BE764 /* JourState.swift */ = {isa = PBXFileReference; lastKnownFileType = sourcecode.swift; path = JourState.swift; sourceTree = "<group>"; };
		B7F5C4C229CD9D71005BE764 /* ZoneState.swift */ = {isa = PBXFileReference; lastKnownFileType = sourcecode.swift; path = ZoneState.swift; sourceTree = "<group>"; };
		B7F5C4C429CD9D88005BE764 /* FestivalState.swift */ = {isa = PBXFileReference; lastKnownFileType = sourcecode.swift; path = FestivalState.swift; sourceTree = "<group>"; };
		B7FD6E1929CB0CB300AAAA0C /* FestivalModel.swift */ = {isa = PBXFileReference; fileEncoding = 4; lastKnownFileType = sourcecode.swift; path = FestivalModel.swift; sourceTree = "<group>"; };
		B7FD6E1B29CB0CDB00AAAA0C /* BenevoleModel.swift */ = {isa = PBXFileReference; lastKnownFileType = sourcecode.swift; path = BenevoleModel.swift; sourceTree = "<group>"; };
		B7FD6E1D29CB0CE300AAAA0C /* CreneauModel.swift */ = {isa = PBXFileReference; lastKnownFileType = sourcecode.swift; path = CreneauModel.swift; sourceTree = "<group>"; };
		B7FD6E1F29CB0CE600AAAA0C /* DisponibleModel.swift */ = {isa = PBXFileReference; lastKnownFileType = sourcecode.swift; path = DisponibleModel.swift; sourceTree = "<group>"; };
		B7FD6E2129CB0CEC00AAAA0C /* ZoneFestivalModel.swift */ = {isa = PBXFileReference; lastKnownFileType = sourcecode.swift; path = ZoneFestivalModel.swift; sourceTree = "<group>"; };
		B7FD6E2229CB0CED00AAAA0C /* ListFestivalModel.swift */ = {isa = PBXFileReference; lastKnownFileType = sourcecode.swift; path = ListFestivalModel.swift; sourceTree = "<group>"; };
		B7FD6E2329CB0CED00AAAA0C /* ListBenevoleModel.swift */ = {isa = PBXFileReference; lastKnownFileType = sourcecode.swift; path = ListBenevoleModel.swift; sourceTree = "<group>"; };
		B7FD6E2429CB0CED00AAAA0C /* ListJourModel.swift */ = {isa = PBXFileReference; lastKnownFileType = sourcecode.swift; path = ListJourModel.swift; sourceTree = "<group>"; };
		B7FD6E2629CB0CED00AAAA0C /* TravailModel.swift */ = {isa = PBXFileReference; lastKnownFileType = sourcecode.swift; path = TravailModel.swift; sourceTree = "<group>"; };
		B7FD6E2729CB0CED00AAAA0C /* JourModel.swift */ = {isa = PBXFileReference; lastKnownFileType = sourcecode.swift; path = JourModel.swift; sourceTree = "<group>"; };
		B7FD6E2829CB0CED00AAAA0C /* ListZone.swift */ = {isa = PBXFileReference; lastKnownFileType = sourcecode.swift; path = ListZone.swift; sourceTree = "<group>"; };
		B7FD6E2929CB0CED00AAAA0C /* ZoneCreneauModel.swift */ = {isa = PBXFileReference; lastKnownFileType = sourcecode.swift; path = ZoneCreneauModel.swift; sourceTree = "<group>"; };
		B7FD6E2A29CB0CED00AAAA0C /* ListCreneauModel.swift */ = {isa = PBXFileReference; lastKnownFileType = sourcecode.swift; path = ListCreneauModel.swift; sourceTree = "<group>"; };
		B7FD6E3629CB0D1E00AAAA0C /* ZoneIntent.swift */ = {isa = PBXFileReference; fileEncoding = 4; lastKnownFileType = sourcecode.swift; path = ZoneIntent.swift; sourceTree = "<group>"; };
		B7FD6E3729CB0D1E00AAAA0C /* FestivalIntent.swift */ = {isa = PBXFileReference; fileEncoding = 4; lastKnownFileType = sourcecode.swift; path = FestivalIntent.swift; sourceTree = "<group>"; };
		B7FD6E3829CB0D1E00AAAA0C /* TravailIntent.swift */ = {isa = PBXFileReference; fileEncoding = 4; lastKnownFileType = sourcecode.swift; path = TravailIntent.swift; sourceTree = "<group>"; };
		B7FD6E3929CB0D1E00AAAA0C /* BenevoleIntent.swift */ = {isa = PBXFileReference; fileEncoding = 4; lastKnownFileType = sourcecode.swift; path = BenevoleIntent.swift; sourceTree = "<group>"; };
		B7FD6E3A29CB0D1E00AAAA0C /* DisponibleIntent.swift */ = {isa = PBXFileReference; fileEncoding = 4; lastKnownFileType = sourcecode.swift; path = DisponibleIntent.swift; sourceTree = "<group>"; };
		B7FD6E3B29CB0D1E00AAAA0C /* JourIntent.swift */ = {isa = PBXFileReference; fileEncoding = 4; lastKnownFileType = sourcecode.swift; path = JourIntent.swift; sourceTree = "<group>"; };
		B7FD6E3C29CB0D1E00AAAA0C /* ZoneCreneauIntent.swift */ = {isa = PBXFileReference; fileEncoding = 4; lastKnownFileType = sourcecode.swift; path = ZoneCreneauIntent.swift; sourceTree = "<group>"; };
		B7FD6E3D29CB0D1E00AAAA0C /* CreneauIntent.swift */ = {isa = PBXFileReference; fileEncoding = 4; lastKnownFileType = sourcecode.swift; path = CreneauIntent.swift; sourceTree = "<group>"; };
		B7FD6E3E29CB0D1F00AAAA0C /* ZoneFestivalIntent.swift */ = {isa = PBXFileReference; fileEncoding = 4; lastKnownFileType = sourcecode.swift; path = ZoneFestivalIntent.swift; sourceTree = "<group>"; };
		B7FD6E4929CB0D5500AAAA0C /* FestivalView.swift */ = {isa = PBXFileReference; fileEncoding = 4; lastKnownFileType = sourcecode.swift; path = FestivalView.swift; sourceTree = "<group>"; };
		B7FD6E4A29CB0D5600AAAA0C /* ListeJoursView.swift */ = {isa = PBXFileReference; fileEncoding = 4; lastKnownFileType = sourcecode.swift; path = ListeJoursView.swift; sourceTree = "<group>"; };
		B7FD6E4B29CB0D5600AAAA0C /* BenevoleView.swift */ = {isa = PBXFileReference; fileEncoding = 4; lastKnownFileType = sourcecode.swift; path = BenevoleView.swift; sourceTree = "<group>"; };
		B7FD6E4C29CB0D5600AAAA0C /* ArchitectureView.swift */ = {isa = PBXFileReference; fileEncoding = 4; lastKnownFileType = sourcecode.swift; path = ArchitectureView.swift; sourceTree = "<group>"; };
		B7FD6E4D29CB0D5600AAAA0C /* ListeBenevolesView.swift */ = {isa = PBXFileReference; fileEncoding = 4; lastKnownFileType = sourcecode.swift; path = ListeBenevolesView.swift; sourceTree = "<group>"; };
		B7FD6E4E29CB0D5600AAAA0C /* ListeCreneauxView.swift */ = {isa = PBXFileReference; fileEncoding = 4; lastKnownFileType = sourcecode.swift; path = ListeCreneauxView.swift; sourceTree = "<group>"; };
		B7FD6E4F29CB0D5600AAAA0C /* FestivalsView.swift */ = {isa = PBXFileReference; fileEncoding = 4; lastKnownFileType = sourcecode.swift; path = FestivalsView.swift; sourceTree = "<group>"; };
		B7FD6E5029CB0D5600AAAA0C /* JourView.swift */ = {isa = PBXFileReference; fileEncoding = 4; lastKnownFileType = sourcecode.swift; path = JourView.swift; sourceTree = "<group>"; };
		B7FD6E5129CB0D5600AAAA0C /* ListeZonesView.swift */ = {isa = PBXFileReference; fileEncoding = 4; lastKnownFileType = sourcecode.swift; path = ListeZonesView.swift; sourceTree = "<group>"; };
		B7FD6E5229CB0D5600AAAA0C /* ZoneView.swift */ = {isa = PBXFileReference; fileEncoding = 4; lastKnownFileType = sourcecode.swift; path = ZoneView.swift; sourceTree = "<group>"; };
		B7FD6E5329CB0D5600AAAA0C /* CreneauxView.swift */ = {isa = PBXFileReference; fileEncoding = 4; lastKnownFileType = sourcecode.swift; path = CreneauxView.swift; sourceTree = "<group>"; };
		B7FD6E6029CB0D7D00AAAA0C /* ListZoneViewModel.swift */ = {isa = PBXFileReference; fileEncoding = 4; lastKnownFileType = sourcecode.swift; path = ListZoneViewModel.swift; sourceTree = "<group>"; };
		B7FD6E6129CB0D7E00AAAA0C /* FestivalViewModel.swift */ = {isa = PBXFileReference; fileEncoding = 4; lastKnownFileType = sourcecode.swift; path = FestivalViewModel.swift; sourceTree = "<group>"; };
		B7FD6E6229CB0D7E00AAAA0C /* TravailViewModel.swift */ = {isa = PBXFileReference; fileEncoding = 4; lastKnownFileType = sourcecode.swift; path = TravailViewModel.swift; sourceTree = "<group>"; };
		B7FD6E6329CB0D7E00AAAA0C /* ZoneFestivalViewModel.swift */ = {isa = PBXFileReference; fileEncoding = 4; lastKnownFileType = sourcecode.swift; path = ZoneFestivalViewModel.swift; sourceTree = "<group>"; };
		B7FD6E6429CB0D7E00AAAA0C /* BenevoleViewModel.swift */ = {isa = PBXFileReference; fileEncoding = 4; lastKnownFileType = sourcecode.swift; path = BenevoleViewModel.swift; sourceTree = "<group>"; };
		B7FD6E6529CB0D7E00AAAA0C /* DisponibleViewModel.swift */ = {isa = PBXFileReference; fileEncoding = 4; lastKnownFileType = sourcecode.swift; path = DisponibleViewModel.swift; sourceTree = "<group>"; };
		B7FD6E6629CB0D7E00AAAA0C /* ListJourViewModel.swift */ = {isa = PBXFileReference; fileEncoding = 4; lastKnownFileType = sourcecode.swift; path = ListJourViewModel.swift; sourceTree = "<group>"; };
		B7FD6E6729CB0D7E00AAAA0C /* ListCreneauViewModel.swift */ = {isa = PBXFileReference; fileEncoding = 4; lastKnownFileType = sourcecode.swift; path = ListCreneauViewModel.swift; sourceTree = "<group>"; };
		B7FD6E6829CB0D7E00AAAA0C /* JourViewModel.swift */ = {isa = PBXFileReference; fileEncoding = 4; lastKnownFileType = sourcecode.swift; path = JourViewModel.swift; sourceTree = "<group>"; };
		B7FD6E6929CB0D7E00AAAA0C /* ListFestivalViewModel.swift */ = {isa = PBXFileReference; fileEncoding = 4; lastKnownFileType = sourcecode.swift; path = ListFestivalViewModel.swift; sourceTree = "<group>"; };
		B7FD6E6A29CB0D7E00AAAA0C /* ListBenevolesViewModel.swift */ = {isa = PBXFileReference; fileEncoding = 4; lastKnownFileType = sourcecode.swift; path = ListBenevolesViewModel.swift; sourceTree = "<group>"; };
		B7FD6E6B29CB0D7E00AAAA0C /* ZoneViewModel.swift */ = {isa = PBXFileReference; fileEncoding = 4; lastKnownFileType = sourcecode.swift; path = ZoneViewModel.swift; sourceTree = "<group>"; };
		B7FD6E6C29CB0D7F00AAAA0C /* ZoneCreneauViewModel.swift */ = {isa = PBXFileReference; fileEncoding = 4; lastKnownFileType = sourcecode.swift; path = ZoneCreneauViewModel.swift; sourceTree = "<group>"; };
		B7FD6E6D29CB0D7F00AAAA0C /* CreneauViewModel.swift */ = {isa = PBXFileReference; fileEncoding = 4; lastKnownFileType = sourcecode.swift; path = CreneauViewModel.swift; sourceTree = "<group>"; };
/* End PBXFileReference section */

/* Begin PBXFrameworksBuildPhase section */
		B705487D29C0767D004AAE6A /* Frameworks */ = {
			isa = PBXFrameworksBuildPhase;
			buildActionMask = 2147483647;
			files = (
			);
			runOnlyForDeploymentPostprocessing = 0;
		};
		B705488D29C0767F004AAE6A /* Frameworks */ = {
			isa = PBXFrameworksBuildPhase;
			buildActionMask = 2147483647;
			files = (
			);
			runOnlyForDeploymentPostprocessing = 0;
		};
		B705489729C0767F004AAE6A /* Frameworks */ = {
			isa = PBXFrameworksBuildPhase;
			buildActionMask = 2147483647;
			files = (
			);
			runOnlyForDeploymentPostprocessing = 0;
		};
/* End PBXFrameworksBuildPhase section */

/* Begin PBXGroup section */
		B705487729C0767D004AAE6A = {
			isa = PBXGroup;
			children = (
				B705488229C0767D004AAE6A /* AppMobile */,
				B705489329C0767F004AAE6A /* AppMobileTests */,
				B705489D29C0767F004AAE6A /* AppMobileUITests */,
				B705488129C0767D004AAE6A /* Products */,
			);
			sourceTree = "<group>";
		};
		B705488129C0767D004AAE6A /* Products */ = {
			isa = PBXGroup;
			children = (
				B705488029C0767D004AAE6A /* AppMobile.app */,
				B705489029C0767F004AAE6A /* AppMobileTests.xctest */,
				B705489A29C0767F004AAE6A /* AppMobileUITests.xctest */,
			);
			name = Products;
			sourceTree = "<group>";
		};
		B705488229C0767D004AAE6A /* AppMobile */ = {
			isa = PBXGroup;
			children = (
				B7F5C4BB29CD9CFD005BE764 /* States */,
				B7FD6E5F29CB0D6C00AAAA0C /* ViewModels */,
				B7FD6E4829CB0D4800AAAA0C /* Views */,
				B7FD6E3529CB0D0700AAAA0C /* Intent */,
				B7FD6E1829CB0C9300AAAA0C /* Models */,
				B705488329C0767D004AAE6A /* AppMobileApp.swift */,
				B705488529C0767D004AAE6A /* ContentView.swift */,
				B705488729C0767F004AAE6A /* Assets.xcassets */,
				B705488929C0767F004AAE6A /* Preview Content */,
				B779E72829CC746600231653 /* JSONHelper.swift */,
			);
			path = AppMobile;
			sourceTree = "<group>";
		};
		B705488929C0767F004AAE6A /* Preview Content */ = {
			isa = PBXGroup;
			children = (
				B705488A29C0767F004AAE6A /* Preview Assets.xcassets */,
			);
			path = "Preview Content";
			sourceTree = "<group>";
		};
		B705489329C0767F004AAE6A /* AppMobileTests */ = {
			isa = PBXGroup;
			children = (
				B705489429C0767F004AAE6A /* AppMobileTests.swift */,
			);
			path = AppMobileTests;
			sourceTree = "<group>";
		};
		B705489D29C0767F004AAE6A /* AppMobileUITests */ = {
			isa = PBXGroup;
			children = (
				B705489E29C0767F004AAE6A /* AppMobileUITests.swift */,
				B70548A029C0767F004AAE6A /* AppMobileUITestsLaunchTests.swift */,
			);
			path = AppMobileUITests;
			sourceTree = "<group>";
		};
		B7F5C4BB29CD9CFD005BE764 /* States */ = {
			isa = PBXGroup;
			children = (
				B7F5C4BC29CD9D14005BE764 /* BenevoleState.swift */,
				B7F5C4BE29CD9D52005BE764 /* CreneauState.swift */,
				B7F5C4C029CD9D62005BE764 /* JourState.swift */,
				B7F5C4C229CD9D71005BE764 /* ZoneState.swift */,
				B7F5C4C429CD9D88005BE764 /* FestivalState.swift */,
			);
			path = States;
			sourceTree = "<group>";
		};
		B7FD6E1829CB0C9300AAAA0C /* Models */ = {
			isa = PBXGroup;
			children = (
				B7FD6E2729CB0CED00AAAA0C /* JourModel.swift */,
				B7FD6E2329CB0CED00AAAA0C /* ListBenevoleModel.swift */,
				B7FD6E2A29CB0CED00AAAA0C /* ListCreneauModel.swift */,
				B7FD6E2229CB0CED00AAAA0C /* ListFestivalModel.swift */,
				B7FD6E2429CB0CED00AAAA0C /* ListJourModel.swift */,
				B7FD6E2829CB0CED00AAAA0C /* ListZone.swift */,
				B7FD6E2629CB0CED00AAAA0C /* TravailModel.swift */,
				B7FD6E2929CB0CED00AAAA0C /* ZoneCreneauModel.swift */,
				B7FD6E2129CB0CEC00AAAA0C /* ZoneFestivalModel.swift */,
				B779E72629CC630700231653 /* ZoneModel.swift */,
				B7FD6E1F29CB0CE600AAAA0C /* DisponibleModel.swift */,
				B7FD6E1D29CB0CE300AAAA0C /* CreneauModel.swift */,
				B7FD6E1B29CB0CDB00AAAA0C /* BenevoleModel.swift */,
				B7FD6E1929CB0CB300AAAA0C /* FestivalModel.swift */,
			);
			path = Models;
			sourceTree = "<group>";
		};
		B7FD6E3529CB0D0700AAAA0C /* Intent */ = {
			isa = PBXGroup;
			children = (
				B7FD6E3929CB0D1E00AAAA0C /* BenevoleIntent.swift */,
				B7FD6E3D29CB0D1E00AAAA0C /* CreneauIntent.swift */,
				B7FD6E3A29CB0D1E00AAAA0C /* DisponibleIntent.swift */,
				B7FD6E3729CB0D1E00AAAA0C /* FestivalIntent.swift */,
				B7FD6E3B29CB0D1E00AAAA0C /* JourIntent.swift */,
				B7FD6E3829CB0D1E00AAAA0C /* TravailIntent.swift */,
				B7FD6E3C29CB0D1E00AAAA0C /* ZoneCreneauIntent.swift */,
				B7FD6E3E29CB0D1F00AAAA0C /* ZoneFestivalIntent.swift */,
				B7FD6E3629CB0D1E00AAAA0C /* ZoneIntent.swift */,
			);
			path = Intent;
			sourceTree = "<group>";
		};
		B7FD6E4829CB0D4800AAAA0C /* Views */ = {
			isa = PBXGroup;
			children = (
				B7FD6E4C29CB0D5600AAAA0C /* ArchitectureView.swift */,
				B7FD6E4B29CB0D5600AAAA0C /* BenevoleView.swift */,
				B7FD6E5329CB0D5600AAAA0C /* CreneauxView.swift */,
				B7FD6E4F29CB0D5600AAAA0C /* FestivalsView.swift */,
				B7FD6E4929CB0D5500AAAA0C /* FestivalView.swift */,
				B7FD6E5029CB0D5600AAAA0C /* JourView.swift */,
				B7FD6E4D29CB0D5600AAAA0C /* ListeBenevolesView.swift */,
				B7FD6E4E29CB0D5600AAAA0C /* ListeCreneauxView.swift */,
				B7FD6E4A29CB0D5600AAAA0C /* ListeJoursView.swift */,
				B7FD6E5129CB0D5600AAAA0C /* ListeZonesView.swift */,
				B7FD6E5229CB0D5600AAAA0C /* ZoneView.swift */,
			);
			path = Views;
			sourceTree = "<group>";
		};
		B7FD6E5F29CB0D6C00AAAA0C /* ViewModels */ = {
			isa = PBXGroup;
			children = (
				B7FD6E6429CB0D7E00AAAA0C /* BenevoleViewModel.swift */,
				B7FD6E6D29CB0D7F00AAAA0C /* CreneauViewModel.swift */,
				B7FD6E6529CB0D7E00AAAA0C /* DisponibleViewModel.swift */,
				B7FD6E6129CB0D7E00AAAA0C /* FestivalViewModel.swift */,
				B7FD6E6829CB0D7E00AAAA0C /* JourViewModel.swift */,
				B7FD6E6A29CB0D7E00AAAA0C /* ListBenevolesViewModel.swift */,
				B7FD6E6729CB0D7E00AAAA0C /* ListCreneauViewModel.swift */,
				B7FD6E6929CB0D7E00AAAA0C /* ListFestivalViewModel.swift */,
				B7FD6E6629CB0D7E00AAAA0C /* ListJourViewModel.swift */,
				B7FD6E6029CB0D7D00AAAA0C /* ListZoneViewModel.swift */,
				B7FD6E6229CB0D7E00AAAA0C /* TravailViewModel.swift */,
				B7FD6E6C29CB0D7F00AAAA0C /* ZoneCreneauViewModel.swift */,
				B7FD6E6329CB0D7E00AAAA0C /* ZoneFestivalViewModel.swift */,
				B7FD6E6B29CB0D7E00AAAA0C /* ZoneViewModel.swift */,
			);
			path = ViewModels;
			sourceTree = "<group>";
		};
/* End PBXGroup section */

/* Begin PBXNativeTarget section */
		B705487F29C0767D004AAE6A /* AppMobile */ = {
			isa = PBXNativeTarget;
			buildConfigurationList = B70548A429C0767F004AAE6A /* Build configuration list for PBXNativeTarget "AppMobile" */;
			buildPhases = (
				B705487C29C0767D004AAE6A /* Sources */,
				B705487D29C0767D004AAE6A /* Frameworks */,
				B705487E29C0767D004AAE6A /* Resources */,
			);
			buildRules = (
			);
			dependencies = (
			);
			name = AppMobile;
			productName = AppMobile;
			productReference = B705488029C0767D004AAE6A /* AppMobile.app */;
			productType = "com.apple.product-type.application";
		};
		B705488F29C0767F004AAE6A /* AppMobileTests */ = {
			isa = PBXNativeTarget;
			buildConfigurationList = B70548A729C0767F004AAE6A /* Build configuration list for PBXNativeTarget "AppMobileTests" */;
			buildPhases = (
				B705488C29C0767F004AAE6A /* Sources */,
				B705488D29C0767F004AAE6A /* Frameworks */,
				B705488E29C0767F004AAE6A /* Resources */,
			);
			buildRules = (
			);
			dependencies = (
				B705489229C0767F004AAE6A /* PBXTargetDependency */,
			);
			name = AppMobileTests;
			productName = AppMobileTests;
			productReference = B705489029C0767F004AAE6A /* AppMobileTests.xctest */;
			productType = "com.apple.product-type.bundle.unit-test";
		};
		B705489929C0767F004AAE6A /* AppMobileUITests */ = {
			isa = PBXNativeTarget;
			buildConfigurationList = B70548AA29C0767F004AAE6A /* Build configuration list for PBXNativeTarget "AppMobileUITests" */;
			buildPhases = (
				B705489629C0767F004AAE6A /* Sources */,
				B705489729C0767F004AAE6A /* Frameworks */,
				B705489829C0767F004AAE6A /* Resources */,
			);
			buildRules = (
			);
			dependencies = (
				B705489C29C0767F004AAE6A /* PBXTargetDependency */,
			);
			name = AppMobileUITests;
			productName = AppMobileUITests;
			productReference = B705489A29C0767F004AAE6A /* AppMobileUITests.xctest */;
			productType = "com.apple.product-type.bundle.ui-testing";
		};
/* End PBXNativeTarget section */

/* Begin PBXProject section */
		B705487829C0767D004AAE6A /* Project object */ = {
			isa = PBXProject;
			attributes = {
				BuildIndependentTargetsInParallel = 1;
				LastSwiftUpdateCheck = 1420;
				LastUpgradeCheck = 1420;
				TargetAttributes = {
					B705487F29C0767D004AAE6A = {
						CreatedOnToolsVersion = 14.2;
					};
					B705488F29C0767F004AAE6A = {
						CreatedOnToolsVersion = 14.2;
						TestTargetID = B705487F29C0767D004AAE6A;
					};
					B705489929C0767F004AAE6A = {
						CreatedOnToolsVersion = 14.2;
						TestTargetID = B705487F29C0767D004AAE6A;
					};
				};
			};
			buildConfigurationList = B705487B29C0767D004AAE6A /* Build configuration list for PBXProject "AppMobile" */;
			compatibilityVersion = "Xcode 14.0";
			developmentRegion = en;
			hasScannedForEncodings = 0;
			knownRegions = (
				en,
				Base,
			);
			mainGroup = B705487729C0767D004AAE6A;
			productRefGroup = B705488129C0767D004AAE6A /* Products */;
			projectDirPath = "";
			projectRoot = "";
			targets = (
				B705487F29C0767D004AAE6A /* AppMobile */,
				B705488F29C0767F004AAE6A /* AppMobileTests */,
				B705489929C0767F004AAE6A /* AppMobileUITests */,
			);
		};
/* End PBXProject section */

/* Begin PBXResourcesBuildPhase section */
		B705487E29C0767D004AAE6A /* Resources */ = {
			isa = PBXResourcesBuildPhase;
			buildActionMask = 2147483647;
			files = (
				B705488B29C0767F004AAE6A /* Preview Assets.xcassets in Resources */,
				B705488829C0767F004AAE6A /* Assets.xcassets in Resources */,
			);
			runOnlyForDeploymentPostprocessing = 0;
		};
		B705488E29C0767F004AAE6A /* Resources */ = {
			isa = PBXResourcesBuildPhase;
			buildActionMask = 2147483647;
			files = (
			);
			runOnlyForDeploymentPostprocessing = 0;
		};
		B705489829C0767F004AAE6A /* Resources */ = {
			isa = PBXResourcesBuildPhase;
			buildActionMask = 2147483647;
			files = (
			);
			runOnlyForDeploymentPostprocessing = 0;
		};
/* End PBXResourcesBuildPhase section */

/* Begin PBXSourcesBuildPhase section */
		B705487C29C0767D004AAE6A /* Sources */ = {
			isa = PBXSourcesBuildPhase;
			buildActionMask = 2147483647;
			files = (
				B7FD6E5529CB0D5600AAAA0C /* ListeJoursView.swift in Sources */,
				B7FD6E2B29CB0CEE00AAAA0C /* ListZone.swift in Sources */,
				B7FD6E3429CB0CEE00AAAA0C /* TravailModel.swift in Sources */,
				B7FD6E3029CB0CEE00AAAA0C /* ListFestivalModel.swift in Sources */,
				B7FD6E5B29CB0D5600AAAA0C /* JourView.swift in Sources */,
				B7FD6E2E29CB0CEE00AAAA0C /* JourModel.swift in Sources */,
				B7FD6E7629CB0D7F00AAAA0C /* JourViewModel.swift in Sources */,
				B7FD6E2C29CB0CEE00AAAA0C /* ZoneCreneauModel.swift in Sources */,
				B7FD6E4529CB0D1F00AAAA0C /* ZoneCreneauIntent.swift in Sources */,
				B7FD6E5729CB0D5600AAAA0C /* ArchitectureView.swift in Sources */,
				B7FD6E2029CB0CE600AAAA0C /* DisponibleModel.swift in Sources */,
				B7FD6E4729CB0D1F00AAAA0C /* ZoneFestivalIntent.swift in Sources */,
				B7FD6E6F29CB0D7F00AAAA0C /* FestivalViewModel.swift in Sources */,
				B7FD6E7029CB0D7F00AAAA0C /* TravailViewModel.swift in Sources */,
				B7FD6E4429CB0D1F00AAAA0C /* JourIntent.swift in Sources */,
				B7FD6E2D29CB0CEE00AAAA0C /* ListJourModel.swift in Sources */,
				B705488629C0767D004AAE6A /* ContentView.swift in Sources */,
				B7FD6E5829CB0D5600AAAA0C /* ListeBenevolesView.swift in Sources */,
				B7FD6E5A29CB0D5600AAAA0C /* FestivalsView.swift in Sources */,
				B7FD6E4329CB0D1F00AAAA0C /* DisponibleIntent.swift in Sources */,
				B705488429C0767D004AAE6A /* AppMobileApp.swift in Sources */,
				B7FD6E4129CB0D1F00AAAA0C /* TravailIntent.swift in Sources */,
				B7FD6E5629CB0D5600AAAA0C /* BenevoleView.swift in Sources */,
				B7FD6E7729CB0D7F00AAAA0C /* ListFestivalViewModel.swift in Sources */,
				B7FD6E4629CB0D1F00AAAA0C /* CreneauIntent.swift in Sources */,
				B7FD6E3F29CB0D1F00AAAA0C /* ZoneIntent.swift in Sources */,
				B7FD6E7129CB0D7F00AAAA0C /* ZoneFestivalViewModel.swift in Sources */,
				B7FD6E4029CB0D1F00AAAA0C /* FestivalIntent.swift in Sources */,
				B7FD6E7529CB0D7F00AAAA0C /* ListCreneauViewModel.swift in Sources */,
				B7F5C4C529CD9D88005BE764 /* FestivalState.swift in Sources */,
				B7FD6E5E29CB0D5600AAAA0C /* CreneauxView.swift in Sources */,
				B7FD6E1A29CB0CB300AAAA0C /* FestivalModel.swift in Sources */,
				B7FD6E5429CB0D5600AAAA0C /* FestivalView.swift in Sources */,
				B7FD6E7A29CB0D7F00AAAA0C /* ZoneCreneauViewModel.swift in Sources */,
				B779E72929CC746600231653 /* JSONHelper.swift in Sources */,
				B7FD6E3229CB0CEE00AAAA0C /* ListBenevoleModel.swift in Sources */,
				B7FD6E7B29CB0D7F00AAAA0C /* CreneauViewModel.swift in Sources */,
				B7FD6E4229CB0D1F00AAAA0C /* BenevoleIntent.swift in Sources */,
				B7FD6E7829CB0D7F00AAAA0C /* ListBenevolesViewModel.swift in Sources */,
				B7FD6E1E29CB0CE300AAAA0C /* CreneauModel.swift in Sources */,
				B7F5C4BD29CD9D14005BE764 /* BenevoleState.swift in Sources */,
				B7FD6E3329CB0CEE00AAAA0C /* ZoneFestivalModel.swift in Sources */,
				B7F5C4C129CD9D62005BE764 /* JourState.swift in Sources */,
				B7FD6E6E29CB0D7F00AAAA0C /* ListZoneViewModel.swift in Sources */,
				B7FD6E7429CB0D7F00AAAA0C /* ListJourViewModel.swift in Sources */,
				B779E72729CC630700231653 /* ZoneModel.swift in Sources */,
				B7FD6E7929CB0D7F00AAAA0C /* ZoneViewModel.swift in Sources */,
				B7FD6E7329CB0D7F00AAAA0C /* DisponibleViewModel.swift in Sources */,
				B7FD6E2F29CB0CEE00AAAA0C /* ListCreneauModel.swift in Sources */,
				B7F5C4BF29CD9D52005BE764 /* CreneauState.swift in Sources */,
				B7F5C4C329CD9D71005BE764 /* ZoneState.swift in Sources */,
				B7FD6E1C29CB0CDB00AAAA0C /* BenevoleModel.swift in Sources */,
				B7FD6E5929CB0D5600AAAA0C /* ListeCreneauxView.swift in Sources */,
				B7FD6E5D29CB0D5600AAAA0C /* ZoneView.swift in Sources */,
				B7FD6E7229CB0D7F00AAAA0C /* BenevoleViewModel.swift in Sources */,
				B7FD6E5C29CB0D5600AAAA0C /* ListeZonesView.swift in Sources */,
			);
			runOnlyForDeploymentPostprocessing = 0;
		};
		B705488C29C0767F004AAE6A /* Sources */ = {
			isa = PBXSourcesBuildPhase;
			buildActionMask = 2147483647;
			files = (
				B705489529C0767F004AAE6A /* AppMobileTests.swift in Sources */,
			);
			runOnlyForDeploymentPostprocessing = 0;
		};
		B705489629C0767F004AAE6A /* Sources */ = {
			isa = PBXSourcesBuildPhase;
			buildActionMask = 2147483647;
			files = (
				B70548A129C0767F004AAE6A /* AppMobileUITestsLaunchTests.swift in Sources */,
				B705489F29C0767F004AAE6A /* AppMobileUITests.swift in Sources */,
			);
			runOnlyForDeploymentPostprocessing = 0;
		};
/* End PBXSourcesBuildPhase section */

/* Begin PBXTargetDependency section */
		B705489229C0767F004AAE6A /* PBXTargetDependency */ = {
			isa = PBXTargetDependency;
			target = B705487F29C0767D004AAE6A /* AppMobile */;
			targetProxy = B705489129C0767F004AAE6A /* PBXContainerItemProxy */;
		};
		B705489C29C0767F004AAE6A /* PBXTargetDependency */ = {
			isa = PBXTargetDependency;
			target = B705487F29C0767D004AAE6A /* AppMobile */;
			targetProxy = B705489B29C0767F004AAE6A /* PBXContainerItemProxy */;
		};
/* End PBXTargetDependency section */

/* Begin XCBuildConfiguration section */
		B70548A229C0767F004AAE6A /* Debug */ = {
			isa = XCBuildConfiguration;
			buildSettings = {
				ALWAYS_SEARCH_USER_PATHS = NO;
				CLANG_ANALYZER_NONNULL = YES;
				CLANG_ANALYZER_NUMBER_OBJECT_CONVERSION = YES_AGGRESSIVE;
				CLANG_CXX_LANGUAGE_STANDARD = "gnu++20";
				CLANG_ENABLE_MODULES = YES;
				CLANG_ENABLE_OBJC_ARC = YES;
				CLANG_ENABLE_OBJC_WEAK = YES;
				CLANG_WARN_BLOCK_CAPTURE_AUTORELEASING = YES;
				CLANG_WARN_BOOL_CONVERSION = YES;
				CLANG_WARN_COMMA = YES;
				CLANG_WARN_CONSTANT_CONVERSION = YES;
				CLANG_WARN_DEPRECATED_OBJC_IMPLEMENTATIONS = YES;
				CLANG_WARN_DIRECT_OBJC_ISA_USAGE = YES_ERROR;
				CLANG_WARN_DOCUMENTATION_COMMENTS = YES;
				CLANG_WARN_EMPTY_BODY = YES;
				CLANG_WARN_ENUM_CONVERSION = YES;
				CLANG_WARN_INFINITE_RECURSION = YES;
				CLANG_WARN_INT_CONVERSION = YES;
				CLANG_WARN_NON_LITERAL_NULL_CONVERSION = YES;
				CLANG_WARN_OBJC_IMPLICIT_RETAIN_SELF = YES;
				CLANG_WARN_OBJC_LITERAL_CONVERSION = YES;
				CLANG_WARN_OBJC_ROOT_CLASS = YES_ERROR;
				CLANG_WARN_QUOTED_INCLUDE_IN_FRAMEWORK_HEADER = YES;
				CLANG_WARN_RANGE_LOOP_ANALYSIS = YES;
				CLANG_WARN_STRICT_PROTOTYPES = YES;
				CLANG_WARN_SUSPICIOUS_MOVE = YES;
				CLANG_WARN_UNGUARDED_AVAILABILITY = YES_AGGRESSIVE;
				CLANG_WARN_UNREACHABLE_CODE = YES;
				CLANG_WARN__DUPLICATE_METHOD_MATCH = YES;
				COPY_PHASE_STRIP = NO;
				DEBUG_INFORMATION_FORMAT = dwarf;
				ENABLE_STRICT_OBJC_MSGSEND = YES;
				ENABLE_TESTABILITY = YES;
				GCC_C_LANGUAGE_STANDARD = gnu11;
				GCC_DYNAMIC_NO_PIC = NO;
				GCC_NO_COMMON_BLOCKS = YES;
				GCC_OPTIMIZATION_LEVEL = 0;
				GCC_PREPROCESSOR_DEFINITIONS = (
					"DEBUG=1",
					"$(inherited)",
				);
				GCC_WARN_64_TO_32_BIT_CONVERSION = YES;
				GCC_WARN_ABOUT_RETURN_TYPE = YES_ERROR;
				GCC_WARN_UNDECLARED_SELECTOR = YES;
				GCC_WARN_UNINITIALIZED_AUTOS = YES_AGGRESSIVE;
				GCC_WARN_UNUSED_FUNCTION = YES;
				GCC_WARN_UNUSED_VARIABLE = YES;
				IPHONEOS_DEPLOYMENT_TARGET = 16.2;
				MTL_ENABLE_DEBUG_INFO = INCLUDE_SOURCE;
				MTL_FAST_MATH = YES;
				ONLY_ACTIVE_ARCH = YES;
				SDKROOT = iphoneos;
				SWIFT_ACTIVE_COMPILATION_CONDITIONS = DEBUG;
				SWIFT_OPTIMIZATION_LEVEL = "-Onone";
			};
			name = Debug;
		};
		B70548A329C0767F004AAE6A /* Release */ = {
			isa = XCBuildConfiguration;
			buildSettings = {
				ALWAYS_SEARCH_USER_PATHS = NO;
				CLANG_ANALYZER_NONNULL = YES;
				CLANG_ANALYZER_NUMBER_OBJECT_CONVERSION = YES_AGGRESSIVE;
				CLANG_CXX_LANGUAGE_STANDARD = "gnu++20";
				CLANG_ENABLE_MODULES = YES;
				CLANG_ENABLE_OBJC_ARC = YES;
				CLANG_ENABLE_OBJC_WEAK = YES;
				CLANG_WARN_BLOCK_CAPTURE_AUTORELEASING = YES;
				CLANG_WARN_BOOL_CONVERSION = YES;
				CLANG_WARN_COMMA = YES;
				CLANG_WARN_CONSTANT_CONVERSION = YES;
				CLANG_WARN_DEPRECATED_OBJC_IMPLEMENTATIONS = YES;
				CLANG_WARN_DIRECT_OBJC_ISA_USAGE = YES_ERROR;
				CLANG_WARN_DOCUMENTATION_COMMENTS = YES;
				CLANG_WARN_EMPTY_BODY = YES;
				CLANG_WARN_ENUM_CONVERSION = YES;
				CLANG_WARN_INFINITE_RECURSION = YES;
				CLANG_WARN_INT_CONVERSION = YES;
				CLANG_WARN_NON_LITERAL_NULL_CONVERSION = YES;
				CLANG_WARN_OBJC_IMPLICIT_RETAIN_SELF = YES;
				CLANG_WARN_OBJC_LITERAL_CONVERSION = YES;
				CLANG_WARN_OBJC_ROOT_CLASS = YES_ERROR;
				CLANG_WARN_QUOTED_INCLUDE_IN_FRAMEWORK_HEADER = YES;
				CLANG_WARN_RANGE_LOOP_ANALYSIS = YES;
				CLANG_WARN_STRICT_PROTOTYPES = YES;
				CLANG_WARN_SUSPICIOUS_MOVE = YES;
				CLANG_WARN_UNGUARDED_AVAILABILITY = YES_AGGRESSIVE;
				CLANG_WARN_UNREACHABLE_CODE = YES;
				CLANG_WARN__DUPLICATE_METHOD_MATCH = YES;
				COPY_PHASE_STRIP = NO;
				DEBUG_INFORMATION_FORMAT = "dwarf-with-dsym";
				ENABLE_NS_ASSERTIONS = NO;
				ENABLE_STRICT_OBJC_MSGSEND = YES;
				GCC_C_LANGUAGE_STANDARD = gnu11;
				GCC_NO_COMMON_BLOCKS = YES;
				GCC_WARN_64_TO_32_BIT_CONVERSION = YES;
				GCC_WARN_ABOUT_RETURN_TYPE = YES_ERROR;
				GCC_WARN_UNDECLARED_SELECTOR = YES;
				GCC_WARN_UNINITIALIZED_AUTOS = YES_AGGRESSIVE;
				GCC_WARN_UNUSED_FUNCTION = YES;
				GCC_WARN_UNUSED_VARIABLE = YES;
				IPHONEOS_DEPLOYMENT_TARGET = 16.2;
				MTL_ENABLE_DEBUG_INFO = NO;
				MTL_FAST_MATH = YES;
				SDKROOT = iphoneos;
				SWIFT_COMPILATION_MODE = wholemodule;
				SWIFT_OPTIMIZATION_LEVEL = "-O";
				VALIDATE_PRODUCT = YES;
			};
			name = Release;
		};
		B70548A529C0767F004AAE6A /* Debug */ = {
			isa = XCBuildConfiguration;
			buildSettings = {
				ASSETCATALOG_COMPILER_APPICON_NAME = AppIcon;
				ASSETCATALOG_COMPILER_GLOBAL_ACCENT_COLOR_NAME = AccentColor;
				CODE_SIGN_STYLE = Automatic;
				CURRENT_PROJECT_VERSION = 1;
				DEVELOPMENT_ASSET_PATHS = "\"AppMobile/Preview Content\"";
				ENABLE_PREVIEWS = YES;
				GENERATE_INFOPLIST_FILE = YES;
				INFOPLIST_KEY_UIApplicationSceneManifest_Generation = YES;
				INFOPLIST_KEY_UIApplicationSupportsIndirectInputEvents = YES;
				INFOPLIST_KEY_UILaunchScreen_Generation = YES;
				INFOPLIST_KEY_UISupportedInterfaceOrientations_iPad = "UIInterfaceOrientationPortrait UIInterfaceOrientationPortraitUpsideDown UIInterfaceOrientationLandscapeLeft UIInterfaceOrientationLandscapeRight";
				INFOPLIST_KEY_UISupportedInterfaceOrientations_iPhone = "UIInterfaceOrientationPortrait UIInterfaceOrientationLandscapeLeft UIInterfaceOrientationLandscapeRight";
				LD_RUNPATH_SEARCH_PATHS = (
					"$(inherited)",
					"@executable_path/Frameworks",
				);
				MARKETING_VERSION = 1.0;
				PRODUCT_BUNDLE_IDENTIFIER = ACGD.AppMobile;
				PRODUCT_NAME = "$(TARGET_NAME)";
				SWIFT_EMIT_LOC_STRINGS = YES;
				SWIFT_VERSION = 5.0;
				TARGETED_DEVICE_FAMILY = "1,2";
			};
			name = Debug;
		};
		B70548A629C0767F004AAE6A /* Release */ = {
			isa = XCBuildConfiguration;
			buildSettings = {
				ASSETCATALOG_COMPILER_APPICON_NAME = AppIcon;
				ASSETCATALOG_COMPILER_GLOBAL_ACCENT_COLOR_NAME = AccentColor;
				CODE_SIGN_STYLE = Automatic;
				CURRENT_PROJECT_VERSION = 1;
				DEVELOPMENT_ASSET_PATHS = "\"AppMobile/Preview Content\"";
				ENABLE_PREVIEWS = YES;
				GENERATE_INFOPLIST_FILE = YES;
				INFOPLIST_KEY_UIApplicationSceneManifest_Generation = YES;
				INFOPLIST_KEY_UIApplicationSupportsIndirectInputEvents = YES;
				INFOPLIST_KEY_UILaunchScreen_Generation = YES;
				INFOPLIST_KEY_UISupportedInterfaceOrientations_iPad = "UIInterfaceOrientationPortrait UIInterfaceOrientationPortraitUpsideDown UIInterfaceOrientationLandscapeLeft UIInterfaceOrientationLandscapeRight";
				INFOPLIST_KEY_UISupportedInterfaceOrientations_iPhone = "UIInterfaceOrientationPortrait UIInterfaceOrientationLandscapeLeft UIInterfaceOrientationLandscapeRight";
				LD_RUNPATH_SEARCH_PATHS = (
					"$(inherited)",
					"@executable_path/Frameworks",
				);
				MARKETING_VERSION = 1.0;
				PRODUCT_BUNDLE_IDENTIFIER = ACGD.AppMobile;
				PRODUCT_NAME = "$(TARGET_NAME)";
				SWIFT_EMIT_LOC_STRINGS = YES;
				SWIFT_VERSION = 5.0;
				TARGETED_DEVICE_FAMILY = "1,2";
			};
			name = Release;
		};
		B70548A829C0767F004AAE6A /* Debug */ = {
			isa = XCBuildConfiguration;
			buildSettings = {
				ALWAYS_EMBED_SWIFT_STANDARD_LIBRARIES = YES;
				BUNDLE_LOADER = "$(TEST_HOST)";
				CODE_SIGN_STYLE = Automatic;
				CURRENT_PROJECT_VERSION = 1;
				GENERATE_INFOPLIST_FILE = YES;
				IPHONEOS_DEPLOYMENT_TARGET = 16.2;
				MARKETING_VERSION = 1.0;
				PRODUCT_BUNDLE_IDENTIFIER = ACGD.AppMobileTests;
				PRODUCT_NAME = "$(TARGET_NAME)";
				SWIFT_EMIT_LOC_STRINGS = NO;
				SWIFT_VERSION = 5.0;
				TARGETED_DEVICE_FAMILY = "1,2";
				TEST_HOST = "$(BUILT_PRODUCTS_DIR)/AppMobile.app/$(BUNDLE_EXECUTABLE_FOLDER_PATH)/AppMobile";
			};
			name = Debug;
		};
		B70548A929C0767F004AAE6A /* Release */ = {
			isa = XCBuildConfiguration;
			buildSettings = {
				ALWAYS_EMBED_SWIFT_STANDARD_LIBRARIES = YES;
				BUNDLE_LOADER = "$(TEST_HOST)";
				CODE_SIGN_STYLE = Automatic;
				CURRENT_PROJECT_VERSION = 1;
				GENERATE_INFOPLIST_FILE = YES;
				IPHONEOS_DEPLOYMENT_TARGET = 16.2;
				MARKETING_VERSION = 1.0;
				PRODUCT_BUNDLE_IDENTIFIER = ACGD.AppMobileTests;
				PRODUCT_NAME = "$(TARGET_NAME)";
				SWIFT_EMIT_LOC_STRINGS = NO;
				SWIFT_VERSION = 5.0;
				TARGETED_DEVICE_FAMILY = "1,2";
				TEST_HOST = "$(BUILT_PRODUCTS_DIR)/AppMobile.app/$(BUNDLE_EXECUTABLE_FOLDER_PATH)/AppMobile";
			};
			name = Release;
		};
		B70548AB29C0767F004AAE6A /* Debug */ = {
			isa = XCBuildConfiguration;
			buildSettings = {
				ALWAYS_EMBED_SWIFT_STANDARD_LIBRARIES = YES;
				CODE_SIGN_STYLE = Automatic;
				CURRENT_PROJECT_VERSION = 1;
				GENERATE_INFOPLIST_FILE = YES;
				MARKETING_VERSION = 1.0;
				PRODUCT_BUNDLE_IDENTIFIER = ACGD.AppMobileUITests;
				PRODUCT_NAME = "$(TARGET_NAME)";
				SWIFT_EMIT_LOC_STRINGS = NO;
				SWIFT_VERSION = 5.0;
				TARGETED_DEVICE_FAMILY = "1,2";
				TEST_TARGET_NAME = AppMobile;
			};
			name = Debug;
		};
		B70548AC29C0767F004AAE6A /* Release */ = {
			isa = XCBuildConfiguration;
			buildSettings = {
				ALWAYS_EMBED_SWIFT_STANDARD_LIBRARIES = YES;
				CODE_SIGN_STYLE = Automatic;
				CURRENT_PROJECT_VERSION = 1;
				GENERATE_INFOPLIST_FILE = YES;
				MARKETING_VERSION = 1.0;
				PRODUCT_BUNDLE_IDENTIFIER = ACGD.AppMobileUITests;
				PRODUCT_NAME = "$(TARGET_NAME)";
				SWIFT_EMIT_LOC_STRINGS = NO;
				SWIFT_VERSION = 5.0;
				TARGETED_DEVICE_FAMILY = "1,2";
				TEST_TARGET_NAME = AppMobile;
			};
			name = Release;
		};
/* End XCBuildConfiguration section */

/* Begin XCConfigurationList section */
		B705487B29C0767D004AAE6A /* Build configuration list for PBXProject "AppMobile" */ = {
			isa = XCConfigurationList;
			buildConfigurations = (
				B70548A229C0767F004AAE6A /* Debug */,
				B70548A329C0767F004AAE6A /* Release */,
			);
			defaultConfigurationIsVisible = 0;
			defaultConfigurationName = Release;
		};
		B70548A429C0767F004AAE6A /* Build configuration list for PBXNativeTarget "AppMobile" */ = {
			isa = XCConfigurationList;
			buildConfigurations = (
				B70548A529C0767F004AAE6A /* Debug */,
				B70548A629C0767F004AAE6A /* Release */,
			);
			defaultConfigurationIsVisible = 0;
			defaultConfigurationName = Release;
		};
		B70548A729C0767F004AAE6A /* Build configuration list for PBXNativeTarget "AppMobileTests" */ = {
			isa = XCConfigurationList;
			buildConfigurations = (
				B70548A829C0767F004AAE6A /* Debug */,
				B70548A929C0767F004AAE6A /* Release */,
			);
			defaultConfigurationIsVisible = 0;
			defaultConfigurationName = Release;
		};
		B70548AA29C0767F004AAE6A /* Build configuration list for PBXNativeTarget "AppMobileUITests" */ = {
			isa = XCConfigurationList;
			buildConfigurations = (
				B70548AB29C0767F004AAE6A /* Debug */,
				B70548AC29C0767F004AAE6A /* Release */,
			);
			defaultConfigurationIsVisible = 0;
			defaultConfigurationName = Release;
		};
/* End XCConfigurationList section */
	};
	rootObject = B705487829C0767D004AAE6A /* Project object */;
}
